
Microsoft Visual Studio Solution File, Format Version 12.00
# Visual Studio Version 17
VisualStudioVersion = 17.12.35527.113
MinimumVisualStudioVersion = 10.0.40219.1
Project("{FAE04EC0-301F-11D3-BF4B-00C04F79EFBC}") = "Singleton", "Singleton\Singleton.csproj", "{8BADDFDA-E47B-434A-AB32-34981E83720E}"
EndProject
Project("{FAE04EC0-301F-11D3-BF4B-00C04F79EFBC}") = "FactoryMethod", "FactoryMethod\FactoryMethod.csproj", "{0A5A8A6F-1FFC-4BC0-A82E-180DF2C6907A}"
EndProject
Project("{FAE04EC0-301F-11D3-BF4B-00C04F79EFBC}") = "AbstractFactory", "AbstractFactory\AbstractFactory.csproj", "{1137CAFA-40D9-4E11-AC6E-E2B7C87A87E6}"
EndProject
Global
	GlobalSection(SolutionConfigurationPlatforms) = preSolution
		Debug|Any CPU = Debug|Any CPU
		Release|Any CPU = Release|Any CPU
	EndGlobalSection
	GlobalSection(ProjectConfigurationPlatforms) = postSolution
		{8BADDFDA-E47B-434A-AB32-34981E83720E}.Debug|Any CPU.ActiveCfg = Debug|Any CPU
		{8BADDFDA-E47B-434A-AB32-34981E83720E}.Debug|Any CPU.Build.0 = Debug|Any CPU
		{8BADDFDA-E47B-434A-AB32-34981E83720E}.Release|Any CPU.ActiveCfg = Release|Any CPU
		{8BADDFDA-E47B-434A-AB32-34981E83720E}.Release|Any CPU.Build.0 = Release|Any CPU
		{0A5A8A6F-1FFC-4BC0-A82E-180DF2C6907A}.Debug|Any CPU.ActiveCfg = Debug|Any CPU
		{0A5A8A6F-1FFC-4BC0-A82E-180DF2C6907A}.Debug|Any CPU.Build.0 = Debug|Any CPU
		{0A5A8A6F-1FFC-4BC0-A82E-180DF2C6907A}.Release|Any CPU.ActiveCfg = Release|Any CPU
		{0A5A8A6F-1FFC-4BC0-A82E-180DF2C6907A}.Release|Any CPU.Build.0 = Release|Any CPU
		{1137CAFA-40D9-4E11-AC6E-E2B7C87A87E6}.Debug|Any CPU.ActiveCfg = Debug|Any CPU
		{1137CAFA-40D9-4E11-AC6E-E2B7C87A87E6}.Debug|Any CPU.Build.0 = Debug|Any CPU
		{1137CAFA-40D9-4E11-AC6E-E2B7C87A87E6}.Release|Any CPU.ActiveCfg = Release|Any CPU
		{1137CAFA-40D9-4E11-AC6E-E2B7C87A87E6}.Release|Any CPU.Build.0 = Release|Any CPU
	EndGlobalSection
	GlobalSection(SolutionProperties) = preSolution
		HideSolutionNode = FALSE
	EndGlobalSection
EndGlobal
